{
  "pins" : [
    {
      "identity" : "openssl-apple",
      "kind" : "remoteSourceControl",
      "location" : "https://github.com/passepartoutvpn/openssl-apple",
      "state" : {
        "revision" : "026702febcaebcbf9ea68f2fa66b017eba998cdf",
        "version" : "3.2.105"
      }
    },
    {
      "identity" : "swiftybeaver",
      "kind" : "remoteSourceControl",
      "location" : "https://github.com/SwiftyBeaver/SwiftyBeaver",
      "state" : {
        "revision" : "12b5acf96d98f91d50de447369bd18df74600f1a",
        "version" : "1.9.6"
      }
    },
    {
      "identity" : "wireguard-apple",
      "kind" : "remoteSourceControl",
      "location" : "https://github.com/niuchangming/wireguard-apple",
      "state" : {
        "branch" : "develop",
        "revision" : "585d714ddb297b2e5dacb2030d3bda03c689b97a"
      }
    }
  ],
  "version" : 2
}
